
Microsoft Visual Studio Solution File, Format Version 12.00
# Visual Studio Version 16
VisualStudioVersion = 16.0.30104.148
MinimumVisualStudioVersion = 10.0.40219.1
Project("{9A19103F-16F7-4668-BE54-9A1E7A4F7556}") = "Test.API", "Test.API.csproj", "{6C1DBB57-BD4C-4B37-94CF-947F48F6F3EF}"
EndProject
Global
	GlobalSection(SolutionConfigurationPlatforms) = preSolution
		Debug|Any CPU = Debug|Any CPU
		Release|Any CPU = Release|Any CPU
	EndGlobalSection
	GlobalSection(ProjectConfigurationPlatforms) = postSolution
		{6C1DBB57-BD4C-4B37-94CF-947F48F6F3EF}.Debug|Any CPU.ActiveCfg = Debug|Any CPU
		{6C1DBB57-BD4C-4B37-94CF-947F48F6F3EF}.Debug|Any CPU.Build.0 = Debug|Any CPU
		{6C1DBB57-BD4C-4B37-94CF-947F48F6F3EF}.Release|Any CPU.ActiveCfg = Release|Any CPU
		{6C1DBB57-BD4C-4B37-94CF-947F48F6F3EF}.Release|Any CPU.Build.0 = Release|Any CPU
	EndGlobalSection
	GlobalSection(SolutionProperties) = preSolution
		HideSolutionNode = FALSE
	EndGlobalSection
	GlobalSection(ExtensibilityGlobals) = postSolution
		SolutionGuid = {A128ECF1-4760-4010-93A2-BC40C7F17E86}
	EndGlobalSection
	GlobalSection(TeamFoundationVersionControl) = preSolution
		SccNumberOfProjects = 2
		SccEnterpriseProvider = {4CA58AB2-18FA-4F8D-95D4-32DDF27D184C}
		SccTeamFoundationServer = https://fmoschetti.visualstudio.com/
		SccLocalPath0 = .
		SccProjectUniqueName1 = Test.API.csproj
		SccLocalPath1 = .
	EndGlobalSection
EndGlobal
